
Microsoft Visual Studio Solution File, Format Version 12.00
# Visual Studio Version 16
VisualStudioVersion = 16.0.32428.217
MinimumVisualStudioVersion = 10.0.40219.1
Project("{FAE04EC0-301F-11D3-BF4B-00C04F79EFBC}") = "Pairs", "Pairs.csproj", "{EB122AF4-8387-445E-9D6E-F64C1AC97F27}"
EndProject
Global
	GlobalSection(SolutionConfigurationPlatforms) = preSolution
		Debug|Any CPU = Debug|Any CPU
		Release|Any CPU = Release|Any CPU
	EndGlobalSection
	GlobalSection(ProjectConfigurationPlatforms) = postSolution
		{EB122AF4-8387-445E-9D6E-F64C1AC97F27}.Debug|Any CPU.ActiveCfg = Debug|Any CPU
		{EB122AF4-8387-445E-9D6E-F64C1AC97F27}.Debug|Any CPU.Build.0 = Debug|Any CPU
		{EB122AF4-8387-445E-9D6E-F64C1AC97F27}.Release|Any CPU.ActiveCfg = Release|Any CPU
		{EB122AF4-8387-445E-9D6E-F64C1AC97F27}.Release|Any CPU.Build.0 = Release|Any CPU
	EndGlobalSection
	GlobalSection(SolutionProperties) = preSolution
		HideSolutionNode = FALSE
	EndGlobalSection
	GlobalSection(ExtensibilityGlobals) = postSolution
		SolutionGuid = {153F4BD9-D3A1-4D5C-92CC-E5C1236EF437}
	EndGlobalSection
EndGlobal
